// !$*UTF8*$!
{
	archiveVersion = 1;
	classes = {
	};
	objectVersion = 50;
	objects = {

/* Begin PBXBuildFile section */
		FA13F9E724AF8EE80071FE18 /* BrowserViewController.swift in Sources */ = {isa = PBXBuildFile; fileRef = FA13F9E624AF8EE80071FE18 /* BrowserViewController.swift */; };
		FA13F9EA24AF8F9E0071FE18 /* InputFlowCoordinator.swift in Sources */ = {isa = PBXBuildFile; fileRef = FA13F9E924AF8F9E0071FE18 /* InputFlowCoordinator.swift */; };
		FA13F9EC24AF8FCC0071FE18 /* BrowserFlowCoordinator.swift in Sources */ = {isa = PBXBuildFile; fileRef = FA13F9EB24AF8FCC0071FE18 /* BrowserFlowCoordinator.swift */; };
		FA6B87F824AF7F2B007005D7 /* AppDelegate.swift in Sources */ = {isa = PBXBuildFile; fileRef = FA6B87F724AF7F2B007005D7 /* AppDelegate.swift */; };
		FA6B87FA24AF7F2B007005D7 /* SceneDelegate.swift in Sources */ = {isa = PBXBuildFile; fileRef = FA6B87F924AF7F2B007005D7 /* SceneDelegate.swift */; };
		FA6B880124AF7F2D007005D7 /* Assets.xcassets in Resources */ = {isa = PBXBuildFile; fileRef = FA6B880024AF7F2D007005D7 /* Assets.xcassets */; };
		FA6B880424AF7F2D007005D7 /* LaunchScreen.storyboard in Resources */ = {isa = PBXBuildFile; fileRef = FA6B880224AF7F2D007005D7 /* LaunchScreen.storyboard */; };
		FA6B880F24AF7F2D007005D7 /* book_browserTests.swift in Sources */ = {isa = PBXBuildFile; fileRef = FA6B880E24AF7F2D007005D7 /* book_browserTests.swift */; };
		FA6B881A24AF7F2D007005D7 /* book_browserUITests.swift in Sources */ = {isa = PBXBuildFile; fileRef = FA6B881924AF7F2D007005D7 /* book_browserUITests.swift */; };
		FA6E246B24B235E4009F7A91 /* InputViewModel.swift in Sources */ = {isa = PBXBuildFile; fileRef = FA6E246A24B235E4009F7A91 /* InputViewModel.swift */; };
		FA6E246D24B23840009F7A91 /* GenericViewController.swift in Sources */ = {isa = PBXBuildFile; fileRef = FA6E246C24B23840009F7A91 /* GenericViewController.swift */; };
		FA6E246F24B239A3009F7A91 /* InputView.swift in Sources */ = {isa = PBXBuildFile; fileRef = FA6E246E24B239A3009F7A91 /* InputView.swift */; };
		FA6E247124B24221009F7A91 /* BasicViewController.swift in Sources */ = {isa = PBXBuildFile; fileRef = FA6E247024B24221009F7A91 /* BasicViewController.swift */; };
		FA9311BA24AF862F0057557D /* FlowCoordinator.swift in Sources */ = {isa = PBXBuildFile; fileRef = FA9311B924AF862F0057557D /* FlowCoordinator.swift */; };
		FA9311BE24AF8AFD0057557D /* ApplicationFlowCoordinator.swift in Sources */ = {isa = PBXBuildFile; fileRef = FA9311BD24AF8AFD0057557D /* ApplicationFlowCoordinator.swift */; };
/* End PBXBuildFile section */

/* Begin PBXContainerItemProxy section */
		FA6B880B24AF7F2D007005D7 /* PBXContainerItemProxy */ = {
			isa = PBXContainerItemProxy;
			containerPortal = FA6B87EC24AF7F2B007005D7 /* Project object */;
			proxyType = 1;
			remoteGlobalIDString = FA6B87F324AF7F2B007005D7;
			remoteInfo = "book-browser";
		};
		FA6B881624AF7F2D007005D7 /* PBXContainerItemProxy */ = {
			isa = PBXContainerItemProxy;
			containerPortal = FA6B87EC24AF7F2B007005D7 /* Project object */;
			proxyType = 1;
			remoteGlobalIDString = FA6B87F324AF7F2B007005D7;
			remoteInfo = "book-browser";
		};
/* End PBXContainerItemProxy section */

/* Begin PBXFileReference section */
		FA13F9E624AF8EE80071FE18 /* BrowserViewController.swift */ = {isa = PBXFileReference; lastKnownFileType = sourcecode.swift; path = BrowserViewController.swift; sourceTree = "<group>"; };
		FA13F9E924AF8F9E0071FE18 /* InputFlowCoordinator.swift */ = {isa = PBXFileReference; lastKnownFileType = sourcecode.swift; path = InputFlowCoordinator.swift; sourceTree = "<group>"; };
		FA13F9EB24AF8FCC0071FE18 /* BrowserFlowCoordinator.swift */ = {isa = PBXFileReference; lastKnownFileType = sourcecode.swift; path = BrowserFlowCoordinator.swift; sourceTree = "<group>"; };
		FA6B87F424AF7F2B007005D7 /* book-browser.app */ = {isa = PBXFileReference; explicitFileType = wrapper.application; includeInIndex = 0; path = "book-browser.app"; sourceTree = BUILT_PRODUCTS_DIR; };
		FA6B87F724AF7F2B007005D7 /* AppDelegate.swift */ = {isa = PBXFileReference; lastKnownFileType = sourcecode.swift; path = AppDelegate.swift; sourceTree = "<group>"; };
		FA6B87F924AF7F2B007005D7 /* SceneDelegate.swift */ = {isa = PBXFileReference; lastKnownFileType = sourcecode.swift; path = SceneDelegate.swift; sourceTree = "<group>"; };
		FA6B880024AF7F2D007005D7 /* Assets.xcassets */ = {isa = PBXFileReference; lastKnownFileType = folder.assetcatalog; path = Assets.xcassets; sourceTree = "<group>"; };
		FA6B880324AF7F2D007005D7 /* Base */ = {isa = PBXFileReference; lastKnownFileType = file.storyboard; name = Base; path = Base.lproj/LaunchScreen.storyboard; sourceTree = "<group>"; };
		FA6B880524AF7F2D007005D7 /* Info.plist */ = {isa = PBXFileReference; lastKnownFileType = text.plist.xml; path = Info.plist; sourceTree = "<group>"; };
		FA6B880A24AF7F2D007005D7 /* book-browserTests.xctest */ = {isa = PBXFileReference; explicitFileType = wrapper.cfbundle; includeInIndex = 0; path = "book-browserTests.xctest"; sourceTree = BUILT_PRODUCTS_DIR; };
		FA6B880E24AF7F2D007005D7 /* book_browserTests.swift */ = {isa = PBXFileReference; lastKnownFileType = sourcecode.swift; path = book_browserTests.swift; sourceTree = "<group>"; };
		FA6B881024AF7F2D007005D7 /* Info.plist */ = {isa = PBXFileReference; lastKnownFileType = text.plist.xml; path = Info.plist; sourceTree = "<group>"; };
		FA6B881524AF7F2D007005D7 /* book-browserUITests.xctest */ = {isa = PBXFileReference; explicitFileType = wrapper.cfbundle; includeInIndex = 0; path = "book-browserUITests.xctest"; sourceTree = BUILT_PRODUCTS_DIR; };
		FA6B881924AF7F2D007005D7 /* book_browserUITests.swift */ = {isa = PBXFileReference; lastKnownFileType = sourcecode.swift; path = book_browserUITests.swift; sourceTree = "<group>"; };
		FA6B881B24AF7F2D007005D7 /* Info.plist */ = {isa = PBXFileReference; lastKnownFileType = text.plist.xml; path = Info.plist; sourceTree = "<group>"; };
		FA6E246A24B235E4009F7A91 /* InputViewModel.swift */ = {isa = PBXFileReference; lastKnownFileType = sourcecode.swift; path = InputViewModel.swift; sourceTree = "<group>"; };
		FA6E246C24B23840009F7A91 /* GenericViewController.swift */ = {isa = PBXFileReference; lastKnownFileType = sourcecode.swift; path = GenericViewController.swift; sourceTree = "<group>"; };
		FA6E246E24B239A3009F7A91 /* InputView.swift */ = {isa = PBXFileReference; lastKnownFileType = sourcecode.swift; path = InputView.swift; sourceTree = "<group>"; };
		FA6E247024B24221009F7A91 /* BasicViewController.swift */ = {isa = PBXFileReference; lastKnownFileType = sourcecode.swift; path = BasicViewController.swift; sourceTree = "<group>"; };
		FA9311B924AF862F0057557D /* FlowCoordinator.swift */ = {isa = PBXFileReference; lastKnownFileType = sourcecode.swift; path = FlowCoordinator.swift; sourceTree = "<group>"; };
		FA9311BD24AF8AFD0057557D /* ApplicationFlowCoordinator.swift */ = {isa = PBXFileReference; lastKnownFileType = sourcecode.swift; path = ApplicationFlowCoordinator.swift; sourceTree = "<group>"; };
/* End PBXFileReference section */

/* Begin PBXFrameworksBuildPhase section */
		FA6B87F124AF7F2B007005D7 /* Frameworks */ = {
			isa = PBXFrameworksBuildPhase;
			buildActionMask = 2147483647;
			files = (
			);
			runOnlyForDeploymentPostprocessing = 0;
		};
		FA6B880724AF7F2D007005D7 /* Frameworks */ = {
			isa = PBXFrameworksBuildPhase;
			buildActionMask = 2147483647;
			files = (
			);
			runOnlyForDeploymentPostprocessing = 0;
		};
		FA6B881224AF7F2D007005D7 /* Frameworks */ = {
			isa = PBXFrameworksBuildPhase;
			buildActionMask = 2147483647;
			files = (
			);
			runOnlyForDeploymentPostprocessing = 0;
		};
/* End PBXFrameworksBuildPhase section */

/* Begin PBXGroup section */
		FA13F9E224AF8E8D0071FE18 /* Input */ = {
			isa = PBXGroup;
			children = (
				FA13F9E924AF8F9E0071FE18 /* InputFlowCoordinator.swift */,
				FA6E246A24B235E4009F7A91 /* InputViewModel.swift */,
				FA6E246E24B239A3009F7A91 /* InputView.swift */,
			);
			path = Input;
			sourceTree = "<group>";
		};
		FA13F9E324AF8E990071FE18 /* Browser */ = {
			isa = PBXGroup;
			children = (
				FA13F9EB24AF8FCC0071FE18 /* BrowserFlowCoordinator.swift */,
				FA13F9E624AF8EE80071FE18 /* BrowserViewController.swift */,
			);
			path = Browser;
			sourceTree = "<group>";
		};
		FA6B87EB24AF7F2B007005D7 = {
			isa = PBXGroup;
			children = (
				FA6B87F624AF7F2B007005D7 /* book-browser */,
				FA6B880D24AF7F2D007005D7 /* book-browserTests */,
				FA6B881824AF7F2D007005D7 /* book-browserUITests */,
				FA6B87F524AF7F2B007005D7 /* Products */,
			);
			sourceTree = "<group>";
		};
		FA6B87F524AF7F2B007005D7 /* Products */ = {
			isa = PBXGroup;
			children = (
				FA6B87F424AF7F2B007005D7 /* book-browser.app */,
				FA6B880A24AF7F2D007005D7 /* book-browserTests.xctest */,
				FA6B881524AF7F2D007005D7 /* book-browserUITests.xctest */,
			);
			name = Products;
			sourceTree = "<group>";
		};
		FA6B87F624AF7F2B007005D7 /* book-browser */ = {
			isa = PBXGroup;
			children = (
				FA9311B624AF85DC0057557D /* Sources */,
				FA9311B524AF85D00057557D /* Support */,
			);
			path = "book-browser";
			sourceTree = "<group>";
		};
		FA6B880D24AF7F2D007005D7 /* book-browserTests */ = {
			isa = PBXGroup;
			children = (
				FA9311BB24AF874B0057557D /* Root */,
				FA9311BC24AF87540057557D /* Features */,
				FA6B880E24AF7F2D007005D7 /* book_browserTests.swift */,
				FA6B881024AF7F2D007005D7 /* Info.plist */,
			);
			path = "book-browserTests";
			sourceTree = "<group>";
		};
		FA6B881824AF7F2D007005D7 /* book-browserUITests */ = {
			isa = PBXGroup;
			children = (
				FA6B881924AF7F2D007005D7 /* book_browserUITests.swift */,
				FA6B881B24AF7F2D007005D7 /* Info.plist */,
			);
			path = "book-browserUITests";
			sourceTree = "<group>";
		};
		FA9311B524AF85D00057557D /* Support */ = {
			isa = PBXGroup;
			children = (
				FA6B87F724AF7F2B007005D7 /* AppDelegate.swift */,
				FA6B87F924AF7F2B007005D7 /* SceneDelegate.swift */,
				FA6B880024AF7F2D007005D7 /* Assets.xcassets */,
				FA6B880224AF7F2D007005D7 /* LaunchScreen.storyboard */,
				FA6B880524AF7F2D007005D7 /* Info.plist */,
			);
			path = Support;
			sourceTree = "<group>";
		};
		FA9311B624AF85DC0057557D /* Sources */ = {
			isa = PBXGroup;
			children = (
				FA9311B924AF862F0057557D /* FlowCoordinator.swift */,
				FA6E246C24B23840009F7A91 /* GenericViewController.swift */,
				FA9311B824AF861B0057557D /* Root */,
				FA9311B724AF86130057557D /* Features */,
				FA6E247024B24221009F7A91 /* BasicViewController.swift */,
			);
			path = Sources;
			sourceTree = "<group>";
		};
		FA9311B724AF86130057557D /* Features */ = {
			isa = PBXGroup;
			children = (
				FA13F9E224AF8E8D0071FE18 /* Input */,
				FA13F9E324AF8E990071FE18 /* Browser */,
			);
			path = Features;
			sourceTree = "<group>";
		};
		FA9311B824AF861B0057557D /* Root */ = {
			isa = PBXGroup;
			children = (
				FA9311BD24AF8AFD0057557D /* ApplicationFlowCoordinator.swift */,
			);
			path = Root;
			sourceTree = "<group>";
		};
		FA9311BB24AF874B0057557D /* Root */ = {
			isa = PBXGroup;
			children = (
			);
			path = Root;
			sourceTree = "<group>";
		};
		FA9311BC24AF87540057557D /* Features */ = {
			isa = PBXGroup;
			children = (
			);
			path = Features;
			sourceTree = "<group>";
		};
/* End PBXGroup section */

/* Begin PBXNativeTarget section */
		FA6B87F324AF7F2B007005D7 /* book-browser */ = {
			isa = PBXNativeTarget;
			buildConfigurationList = FA6B881E24AF7F2D007005D7 /* Build configuration list for PBXNativeTarget "book-browser" */;
			buildPhases = (
				FA6B87F024AF7F2B007005D7 /* Sources */,
				FA6B87F124AF7F2B007005D7 /* Frameworks */,
				FA6B87F224AF7F2B007005D7 /* Resources */,
			);
			buildRules = (
			);
			dependencies = (
			);
			name = "book-browser";
			productName = "book-browser";
			productReference = FA6B87F424AF7F2B007005D7 /* book-browser.app */;
			productType = "com.apple.product-type.application";
		};
		FA6B880924AF7F2D007005D7 /* book-browserTests */ = {
			isa = PBXNativeTarget;
			buildConfigurationList = FA6B882124AF7F2D007005D7 /* Build configuration list for PBXNativeTarget "book-browserTests" */;
			buildPhases = (
				FA6B880624AF7F2D007005D7 /* Sources */,
				FA6B880724AF7F2D007005D7 /* Frameworks */,
				FA6B880824AF7F2D007005D7 /* Resources */,
			);
			buildRules = (
			);
			dependencies = (
				FA6B880C24AF7F2D007005D7 /* PBXTargetDependency */,
			);
			name = "book-browserTests";
			productName = "book-browserTests";
			productReference = FA6B880A24AF7F2D007005D7 /* book-browserTests.xctest */;
			productType = "com.apple.product-type.bundle.unit-test";
		};
		FA6B881424AF7F2D007005D7 /* book-browserUITests */ = {
			isa = PBXNativeTarget;
			buildConfigurationList = FA6B882424AF7F2D007005D7 /* Build configuration list for PBXNativeTarget "book-browserUITests" */;
			buildPhases = (
				FA6B881124AF7F2D007005D7 /* Sources */,
				FA6B881224AF7F2D007005D7 /* Frameworks */,
				FA6B881324AF7F2D007005D7 /* Resources */,
			);
			buildRules = (
			);
			dependencies = (
				FA6B881724AF7F2D007005D7 /* PBXTargetDependency */,
			);
			name = "book-browserUITests";
			productName = "book-browserUITests";
			productReference = FA6B881524AF7F2D007005D7 /* book-browserUITests.xctest */;
			productType = "com.apple.product-type.bundle.ui-testing";
		};
/* End PBXNativeTarget section */

/* Begin PBXProject section */
		FA6B87EC24AF7F2B007005D7 /* Project object */ = {
			isa = PBXProject;
			attributes = {
				LastSwiftUpdateCheck = 1130;
				LastUpgradeCheck = 1130;
				ORGANIZATIONNAME = "Vitalii Kuznetsov";
				TargetAttributes = {
					FA6B87F324AF7F2B007005D7 = {
						CreatedOnToolsVersion = 11.3.1;
					};
					FA6B880924AF7F2D007005D7 = {
						CreatedOnToolsVersion = 11.3.1;
						TestTargetID = FA6B87F324AF7F2B007005D7;
					};
					FA6B881424AF7F2D007005D7 = {
						CreatedOnToolsVersion = 11.3.1;
						TestTargetID = FA6B87F324AF7F2B007005D7;
					};
				};
			};
			buildConfigurationList = FA6B87EF24AF7F2B007005D7 /* Build configuration list for PBXProject "book-browser" */;
			compatibilityVersion = "Xcode 9.3";
			developmentRegion = en;
			hasScannedForEncodings = 0;
			knownRegions = (
				en,
				Base,
			);
			mainGroup = FA6B87EB24AF7F2B007005D7;
			productRefGroup = FA6B87F524AF7F2B007005D7 /* Products */;
			projectDirPath = "";
			projectRoot = "";
			targets = (
				FA6B87F324AF7F2B007005D7 /* book-browser */,
				FA6B880924AF7F2D007005D7 /* book-browserTests */,
				FA6B881424AF7F2D007005D7 /* book-browserUITests */,
			);
		};
/* End PBXProject section */

/* Begin PBXResourcesBuildPhase section */
		FA6B87F224AF7F2B007005D7 /* Resources */ = {
			isa = PBXResourcesBuildPhase;
			buildActionMask = 2147483647;
			files = (
				FA6B880424AF7F2D007005D7 /* LaunchScreen.storyboard in Resources */,
				FA6B880124AF7F2D007005D7 /* Assets.xcassets in Resources */,
			);
			runOnlyForDeploymentPostprocessing = 0;
		};
		FA6B880824AF7F2D007005D7 /* Resources */ = {
			isa = PBXResourcesBuildPhase;
			buildActionMask = 2147483647;
			files = (
			);
			runOnlyForDeploymentPostprocessing = 0;
		};
		FA6B881324AF7F2D007005D7 /* Resources */ = {
			isa = PBXResourcesBuildPhase;
			buildActionMask = 2147483647;
			files = (
			);
			runOnlyForDeploymentPostprocessing = 0;
		};
/* End PBXResourcesBuildPhase section */

/* Begin PBXSourcesBuildPhase section */
		FA6B87F024AF7F2B007005D7 /* Sources */ = {
			isa = PBXSourcesBuildPhase;
			buildActionMask = 2147483647;
			files = (
				FA6B87F824AF7F2B007005D7 /* AppDelegate.swift in Sources */,
				FA13F9E724AF8EE80071FE18 /* BrowserViewController.swift in Sources */,
				FA6E246D24B23840009F7A91 /* GenericViewController.swift in Sources */,
				FA13F9EA24AF8F9E0071FE18 /* InputFlowCoordinator.swift in Sources */,
				FA6B87FA24AF7F2B007005D7 /* SceneDelegate.swift in Sources */,
				FA9311BE24AF8AFD0057557D /* ApplicationFlowCoordinator.swift in Sources */,
				FA6E247124B24221009F7A91 /* BasicViewController.swift in Sources */,
				FA6E246B24B235E4009F7A91 /* InputViewModel.swift in Sources */,
				FA6E246F24B239A3009F7A91 /* InputView.swift in Sources */,
				FA9311BA24AF862F0057557D /* FlowCoordinator.swift in Sources */,
				FA13F9EC24AF8FCC0071FE18 /* BrowserFlowCoordinator.swift in Sources */,
			);
			runOnlyForDeploymentPostprocessing = 0;
		};
		FA6B880624AF7F2D007005D7 /* Sources */ = {
			isa = PBXSourcesBuildPhase;
			buildActionMask = 2147483647;
			files = (
				FA6B880F24AF7F2D007005D7 /* book_browserTests.swift in Sources */,
			);
			runOnlyForDeploymentPostprocessing = 0;
		};
		FA6B881124AF7F2D007005D7 /* Sources */ = {
			isa = PBXSourcesBuildPhase;
			buildActionMask = 2147483647;
			files = (
				FA6B881A24AF7F2D007005D7 /* book_browserUITests.swift in Sources */,
			);
			runOnlyForDeploymentPostprocessing = 0;
		};
/* End PBXSourcesBuildPhase section */

/* Begin PBXTargetDependency section */
		FA6B880C24AF7F2D007005D7 /* PBXTargetDependency */ = {
			isa = PBXTargetDependency;
			target = FA6B87F324AF7F2B007005D7 /* book-browser */;
			targetProxy = FA6B880B24AF7F2D007005D7 /* PBXContainerItemProxy */;
		};
		FA6B881724AF7F2D007005D7 /* PBXTargetDependency */ = {
			isa = PBXTargetDependency;
			target = FA6B87F324AF7F2B007005D7 /* book-browser */;
			targetProxy = FA6B881624AF7F2D007005D7 /* PBXContainerItemProxy */;
		};
/* End PBXTargetDependency section */

/* Begin PBXVariantGroup section */
		FA6B880224AF7F2D007005D7 /* LaunchScreen.storyboard */ = {
			isa = PBXVariantGroup;
			children = (
				FA6B880324AF7F2D007005D7 /* Base */,
			);
			name = LaunchScreen.storyboard;
			sourceTree = "<group>";
		};
/* End PBXVariantGroup section */

/* Begin XCBuildConfiguration section */
		FA6B881C24AF7F2D007005D7 /* Debug */ = {
			isa = XCBuildConfiguration;
			buildSettings = {
				ALWAYS_SEARCH_USER_PATHS = NO;
				CLANG_ANALYZER_NONNULL = YES;
				CLANG_ANALYZER_NUMBER_OBJECT_CONVERSION = YES_AGGRESSIVE;
				CLANG_CXX_LANGUAGE_STANDARD = "gnu++14";
				CLANG_CXX_LIBRARY = "libc++";
				CLANG_ENABLE_MODULES = YES;
				CLANG_ENABLE_OBJC_ARC = YES;
				CLANG_ENABLE_OBJC_WEAK = YES;
				CLANG_WARN_BLOCK_CAPTURE_AUTORELEASING = YES;
				CLANG_WARN_BOOL_CONVERSION = YES;
				CLANG_WARN_COMMA = YES;
				CLANG_WARN_CONSTANT_CONVERSION = YES;
				CLANG_WARN_DEPRECATED_OBJC_IMPLEMENTATIONS = YES;
				CLANG_WARN_DIRECT_OBJC_ISA_USAGE = YES_ERROR;
				CLANG_WARN_DOCUMENTATION_COMMENTS = YES;
				CLANG_WARN_EMPTY_BODY = YES;
				CLANG_WARN_ENUM_CONVERSION = YES;
				CLANG_WARN_INFINITE_RECURSION = YES;
				CLANG_WARN_INT_CONVERSION = YES;
				CLANG_WARN_NON_LITERAL_NULL_CONVERSION = YES;
				CLANG_WARN_OBJC_IMPLICIT_RETAIN_SELF = YES;
				CLANG_WARN_OBJC_LITERAL_CONVERSION = YES;
				CLANG_WARN_OBJC_ROOT_CLASS = YES_ERROR;
				CLANG_WARN_RANGE_LOOP_ANALYSIS = YES;
				CLANG_WARN_STRICT_PROTOTYPES = YES;
				CLANG_WARN_SUSPICIOUS_MOVE = YES;
				CLANG_WARN_UNGUARDED_AVAILABILITY = YES_AGGRESSIVE;
				CLANG_WARN_UNREACHABLE_CODE = YES;
				CLANG_WARN__DUPLICATE_METHOD_MATCH = YES;
				COPY_PHASE_STRIP = NO;
				DEBUG_INFORMATION_FORMAT = dwarf;
				ENABLE_STRICT_OBJC_MSGSEND = YES;
				ENABLE_TESTABILITY = YES;
				GCC_C_LANGUAGE_STANDARD = gnu11;
				GCC_DYNAMIC_NO_PIC = NO;
				GCC_NO_COMMON_BLOCKS = YES;
				GCC_OPTIMIZATION_LEVEL = 0;
				GCC_PREPROCESSOR_DEFINITIONS = (
					"DEBUG=1",
					"$(inherited)",
				);
				GCC_WARN_64_TO_32_BIT_CONVERSION = YES;
				GCC_WARN_ABOUT_RETURN_TYPE = YES_ERROR;
				GCC_WARN_UNDECLARED_SELECTOR = YES;
				GCC_WARN_UNINITIALIZED_AUTOS = YES_AGGRESSIVE;
				GCC_WARN_UNUSED_FUNCTION = YES;
				GCC_WARN_UNUSED_VARIABLE = YES;
				IPHONEOS_DEPLOYMENT_TARGET = 13.2;
				MTL_ENABLE_DEBUG_INFO = INCLUDE_SOURCE;
				MTL_FAST_MATH = YES;
				ONLY_ACTIVE_ARCH = YES;
				SDKROOT = iphoneos;
				SWIFT_ACTIVE_COMPILATION_CONDITIONS = DEBUG;
				SWIFT_OPTIMIZATION_LEVEL = "-Onone";
			};
			name = Debug;
		};
		FA6B881D24AF7F2D007005D7 /* Release */ = {
			isa = XCBuildConfiguration;
			buildSettings = {
				ALWAYS_SEARCH_USER_PATHS = NO;
				CLANG_ANALYZER_NONNULL = YES;
				CLANG_ANALYZER_NUMBER_OBJECT_CONVERSION = YES_AGGRESSIVE;
				CLANG_CXX_LANGUAGE_STANDARD = "gnu++14";
				CLANG_CXX_LIBRARY = "libc++";
				CLANG_ENABLE_MODULES = YES;
				CLANG_ENABLE_OBJC_ARC = YES;
				CLANG_ENABLE_OBJC_WEAK = YES;
				CLANG_WARN_BLOCK_CAPTURE_AUTORELEASING = YES;
				CLANG_WARN_BOOL_CONVERSION = YES;
				CLANG_WARN_COMMA = YES;
				CLANG_WARN_CONSTANT_CONVERSION = YES;
				CLANG_WARN_DEPRECATED_OBJC_IMPLEMENTATIONS = YES;
				CLANG_WARN_DIRECT_OBJC_ISA_USAGE = YES_ERROR;
				CLANG_WARN_DOCUMENTATION_COMMENTS = YES;
				CLANG_WARN_EMPTY_BODY = YES;
				CLANG_WARN_ENUM_CONVERSION = YES;
				CLANG_WARN_INFINITE_RECURSION = YES;
				CLANG_WARN_INT_CONVERSION = YES;
				CLANG_WARN_NON_LITERAL_NULL_CONVERSION = YES;
				CLANG_WARN_OBJC_IMPLICIT_RETAIN_SELF = YES;
				CLANG_WARN_OBJC_LITERAL_CONVERSION = YES;
				CLANG_WARN_OBJC_ROOT_CLASS = YES_ERROR;
				CLANG_WARN_RANGE_LOOP_ANALYSIS = YES;
				CLANG_WARN_STRICT_PROTOTYPES = YES;
				CLANG_WARN_SUSPICIOUS_MOVE = YES;
				CLANG_WARN_UNGUARDED_AVAILABILITY = YES_AGGRESSIVE;
				CLANG_WARN_UNREACHABLE_CODE = YES;
				CLANG_WARN__DUPLICATE_METHOD_MATCH = YES;
				COPY_PHASE_STRIP = NO;
				DEBUG_INFORMATION_FORMAT = "dwarf-with-dsym";
				ENABLE_NS_ASSERTIONS = NO;
				ENABLE_STRICT_OBJC_MSGSEND = YES;
				GCC_C_LANGUAGE_STANDARD = gnu11;
				GCC_NO_COMMON_BLOCKS = YES;
				GCC_WARN_64_TO_32_BIT_CONVERSION = YES;
				GCC_WARN_ABOUT_RETURN_TYPE = YES_ERROR;
				GCC_WARN_UNDECLARED_SELECTOR = YES;
				GCC_WARN_UNINITIALIZED_AUTOS = YES_AGGRESSIVE;
				GCC_WARN_UNUSED_FUNCTION = YES;
				GCC_WARN_UNUSED_VARIABLE = YES;
				IPHONEOS_DEPLOYMENT_TARGET = 13.2;
				MTL_ENABLE_DEBUG_INFO = NO;
				MTL_FAST_MATH = YES;
				SDKROOT = iphoneos;
				SWIFT_COMPILATION_MODE = wholemodule;
				SWIFT_OPTIMIZATION_LEVEL = "-O";
				VALIDATE_PRODUCT = YES;
			};
			name = Release;
		};
		FA6B881F24AF7F2D007005D7 /* Debug */ = {
			isa = XCBuildConfiguration;
			buildSettings = {
				ASSETCATALOG_COMPILER_APPICON_NAME = AppIcon;
				CODE_SIGN_STYLE = Automatic;
				INFOPLIST_FILE = "book-browser/Support/Info.plist";
				IPHONEOS_DEPLOYMENT_TARGET = 13.2;
				LD_RUNPATH_SEARCH_PATHS = (
					"$(inherited)",
					"@executable_path/Frameworks",
				);
				PRODUCT_BUNDLE_IDENTIFIER = "com.vitalii-kuznetsov.book-browser";
				PRODUCT_NAME = "$(TARGET_NAME)";
				SWIFT_VERSION = 5.0;
				TARGETED_DEVICE_FAMILY = 1;
			};
			name = Debug;
		};
		FA6B882024AF7F2D007005D7 /* Release */ = {
			isa = XCBuildConfiguration;
			buildSettings = {
				ASSETCATALOG_COMPILER_APPICON_NAME = AppIcon;
				CODE_SIGN_STYLE = Automatic;
				INFOPLIST_FILE = "book-browser/Support/Info.plist";
				IPHONEOS_DEPLOYMENT_TARGET = 13.2;
				LD_RUNPATH_SEARCH_PATHS = (
					"$(inherited)",
					"@executable_path/Frameworks",
				);
				PRODUCT_BUNDLE_IDENTIFIER = "com.vitalii-kuznetsov.book-browser";
				PRODUCT_NAME = "$(TARGET_NAME)";
				SWIFT_VERSION = 5.0;
				TARGETED_DEVICE_FAMILY = 1;
			};
			name = Release;
		};
		FA6B882224AF7F2D007005D7 /* Debug */ = {
			isa = XCBuildConfiguration;
			buildSettings = {
				ALWAYS_EMBED_SWIFT_STANDARD_LIBRARIES = YES;
				BUNDLE_LOADER = "$(TEST_HOST)";
				CODE_SIGN_STYLE = Automatic;
				INFOPLIST_FILE = "book-browserTests/Info.plist";
				IPHONEOS_DEPLOYMENT_TARGET = 13.2;
				LD_RUNPATH_SEARCH_PATHS = (
					"$(inherited)",
					"@executable_path/Frameworks",
					"@loader_path/Frameworks",
				);
				PRODUCT_BUNDLE_IDENTIFIER = "com.vitalii-kuznetsov.book-browserTests";
				PRODUCT_NAME = "$(TARGET_NAME)";
				SWIFT_VERSION = 5.0;
				TARGETED_DEVICE_FAMILY = "1,2";
				TEST_HOST = "$(BUILT_PRODUCTS_DIR)/book-browser.app/book-browser";
			};
			name = Debug;
		};
		FA6B882324AF7F2D007005D7 /* Release */ = {
			isa = XCBuildConfiguration;
			buildSettings = {
				ALWAYS_EMBED_SWIFT_STANDARD_LIBRARIES = YES;
				BUNDLE_LOADER = "$(TEST_HOST)";
				CODE_SIGN_STYLE = Automatic;
				INFOPLIST_FILE = "book-browserTests/Info.plist";
				IPHONEOS_DEPLOYMENT_TARGET = 13.2;
				LD_RUNPATH_SEARCH_PATHS = (
					"$(inherited)",
					"@executable_path/Frameworks",
					"@loader_path/Frameworks",
				);
				PRODUCT_BUNDLE_IDENTIFIER = "com.vitalii-kuznetsov.book-browserTests";
				PRODUCT_NAME = "$(TARGET_NAME)";
				SWIFT_VERSION = 5.0;
				TARGETED_DEVICE_FAMILY = "1,2";
				TEST_HOST = "$(BUILT_PRODUCTS_DIR)/book-browser.app/book-browser";
			};
			name = Release;
		};
		FA6B882524AF7F2D007005D7 /* Debug */ = {
			isa = XCBuildConfiguration;
			buildSettings = {
				ALWAYS_EMBED_SWIFT_STANDARD_LIBRARIES = YES;
				CODE_SIGN_STYLE = Automatic;
				INFOPLIST_FILE = "book-browserUITests/Info.plist";
				LD_RUNPATH_SEARCH_PATHS = (
					"$(inherited)",
					"@executable_path/Frameworks",
					"@loader_path/Frameworks",
				);
				PRODUCT_BUNDLE_IDENTIFIER = "com.vitalii-kuznetsov.book-browserUITests";
				PRODUCT_NAME = "$(TARGET_NAME)";
				SWIFT_VERSION = 5.0;
				TARGETED_DEVICE_FAMILY = "1,2";
				TEST_TARGET_NAME = "book-browser";
			};
			name = Debug;
		};
		FA6B882624AF7F2D007005D7 /* Release */ = {
			isa = XCBuildConfiguration;
			buildSettings = {
				ALWAYS_EMBED_SWIFT_STANDARD_LIBRARIES = YES;
				CODE_SIGN_STYLE = Automatic;
				INFOPLIST_FILE = "book-browserUITests/Info.plist";
				LD_RUNPATH_SEARCH_PATHS = (
					"$(inherited)",
					"@executable_path/Frameworks",
					"@loader_path/Frameworks",
				);
				PRODUCT_BUNDLE_IDENTIFIER = "com.vitalii-kuznetsov.book-browserUITests";
				PRODUCT_NAME = "$(TARGET_NAME)";
				SWIFT_VERSION = 5.0;
				TARGETED_DEVICE_FAMILY = "1,2";
				TEST_TARGET_NAME = "book-browser";
			};
			name = Release;
		};
/* End XCBuildConfiguration section */

/* Begin XCConfigurationList section */
		FA6B87EF24AF7F2B007005D7 /* Build configuration list for PBXProject "book-browser" */ = {
			isa = XCConfigurationList;
			buildConfigurations = (
				FA6B881C24AF7F2D007005D7 /* Debug */,
				FA6B881D24AF7F2D007005D7 /* Release */,
			);
			defaultConfigurationIsVisible = 0;
			defaultConfigurationName = Release;
		};
		FA6B881E24AF7F2D007005D7 /* Build configuration list for PBXNativeTarget "book-browser" */ = {
			isa = XCConfigurationList;
			buildConfigurations = (
				FA6B881F24AF7F2D007005D7 /* Debug */,
				FA6B882024AF7F2D007005D7 /* Release */,
			);
			defaultConfigurationIsVisible = 0;
			defaultConfigurationName = Release;
		};
		FA6B882124AF7F2D007005D7 /* Build configuration list for PBXNativeTarget "book-browserTests" */ = {
			isa = XCConfigurationList;
			buildConfigurations = (
				FA6B882224AF7F2D007005D7 /* Debug */,
				FA6B882324AF7F2D007005D7 /* Release */,
			);
			defaultConfigurationIsVisible = 0;
			defaultConfigurationName = Release;
		};
		FA6B882424AF7F2D007005D7 /* Build configuration list for PBXNativeTarget "book-browserUITests" */ = {
			isa = XCConfigurationList;
			buildConfigurations = (
				FA6B882524AF7F2D007005D7 /* Debug */,
				FA6B882624AF7F2D007005D7 /* Release */,
			);
			defaultConfigurationIsVisible = 0;
			defaultConfigurationName = Release;
		};
/* End XCConfigurationList section */
	};
	rootObject = FA6B87EC24AF7F2B007005D7 /* Project object */;
}
